
Microsoft Visual Studio Solution File, Format Version 12.00
# Visual Studio Version 17
VisualStudioVersion = 17.4.33205.214
MinimumVisualStudioVersion = 10.0.40219.1
Project("{9A19103F-16F7-4668-BE54-9A1E7A4F7556}") = "APSAPIClient", "APSAPIClient\APSAPIClient.csproj", "{975336E3-E868-4543-A626-52250C8DB4DE}"
EndProject
Project("{9A19103F-16F7-4668-BE54-9A1E7A4F7556}") = "APSAPITest", "APSAPITest\APSAPITest.csproj", "{9CE35C5D-79ED-4D01-A610-5C25C0201AB7}"
EndProject
Project("{2150E333-8FDC-42A3-9474-1A3956D46DE8}") = "Samples", "Samples", "{52F174DC-472E-4D5A-AD3F-E9B26FED80AE}"
EndProject
Project("{FAE04EC0-301F-11D3-BF4B-00C04F79EFBC}") = "DataManagementAPIs", "Samples\DataManagementAPIs\DataManagementAPIs.csproj", "{502C7DAF-DF33-4B9F-BCE3-A94DE98E1EA3}"
EndProject
Global
	GlobalSection(SolutionConfigurationPlatforms) = preSolution
		Debug|Any CPU = Debug|Any CPU
		Release|Any CPU = Release|Any CPU
	EndGlobalSection
	GlobalSection(ProjectConfigurationPlatforms) = postSolution
		{975336E3-E868-4543-A626-52250C8DB4DE}.Debug|Any CPU.ActiveCfg = Debug|Any CPU
		{975336E3-E868-4543-A626-52250C8DB4DE}.Debug|Any CPU.Build.0 = Debug|Any CPU
		{975336E3-E868-4543-A626-52250C8DB4DE}.Release|Any CPU.ActiveCfg = Release|Any CPU
		{975336E3-E868-4543-A626-52250C8DB4DE}.Release|Any CPU.Build.0 = Release|Any CPU
		{9CE35C5D-79ED-4D01-A610-5C25C0201AB7}.Debug|Any CPU.ActiveCfg = Debug|Any CPU
		{9CE35C5D-79ED-4D01-A610-5C25C0201AB7}.Debug|Any CPU.Build.0 = Debug|Any CPU
		{9CE35C5D-79ED-4D01-A610-5C25C0201AB7}.Release|Any CPU.ActiveCfg = Release|Any CPU
		{9CE35C5D-79ED-4D01-A610-5C25C0201AB7}.Release|Any CPU.Build.0 = Release|Any CPU
		{502C7DAF-DF33-4B9F-BCE3-A94DE98E1EA3}.Debug|Any CPU.ActiveCfg = Debug|Any CPU
		{502C7DAF-DF33-4B9F-BCE3-A94DE98E1EA3}.Debug|Any CPU.Build.0 = Debug|Any CPU
		{502C7DAF-DF33-4B9F-BCE3-A94DE98E1EA3}.Release|Any CPU.ActiveCfg = Release|Any CPU
		{502C7DAF-DF33-4B9F-BCE3-A94DE98E1EA3}.Release|Any CPU.Build.0 = Release|Any CPU
	EndGlobalSection
	GlobalSection(SolutionProperties) = preSolution
		HideSolutionNode = FALSE
	EndGlobalSection
	GlobalSection(NestedProjects) = preSolution
		{502C7DAF-DF33-4B9F-BCE3-A94DE98E1EA3} = {52F174DC-472E-4D5A-AD3F-E9B26FED80AE}
	EndGlobalSection
	GlobalSection(ExtensibilityGlobals) = postSolution
		SolutionGuid = {DF577AA0-18DC-46EB-878B-91098E4EA083}
	EndGlobalSection
EndGlobal
